
Microsoft Visual Studio Solution File, Format Version 12.00
# Visual Studio 15
VisualStudioVersion = 15.0.27130.2026
MinimumVisualStudioVersion = 10.0.40219.1
Project("{9A19103F-16F7-4668-BE54-9A1E7A4F7556}") = "Illarion.Server.Photon", "Illarion.Server.Photon\Illarion.Server.Photon.csproj", "{9E33B948-70A7-4F49-A3BA-BAF02F64ED58}"
EndProject
Project("{9A19103F-16F7-4668-BE54-9A1E7A4F7556}") = "Illarion.Net.Common", "Illarion.Net.Common\Illarion.Net.Common.csproj", "{308C8FF4-EA18-4F6B-BB67-9C076B311D70}"
EndProject
Project("{9A19103F-16F7-4668-BE54-9A1E7A4F7556}") = "Illarion.Server.Persistence", "Illarion.Server.Persistence\Illarion.Server.Persistence.csproj", "{A9F45A83-9B1E-4EA5-9822-5AAAA91CDC6F}"
EndProject
Project("{9A19103F-16F7-4668-BE54-9A1E7A4F7556}") = "Illarion.Server.Persistence.Accounts", "Illarion.Server.Persistence.Accounts\Illarion.Server.Persistence.Accounts.csproj", "{B46CC83F-040F-4F98-908B-28C294DFF7AC}"
EndProject
Project("{9A19103F-16F7-4668-BE54-9A1E7A4F7556}") = "Illarion.Server.Persistence.Server", "Illarion.Server.Persistence.Server\Illarion.Server.Persistence.Server.csproj", "{099816E2-15B5-4073-8357-F94CEEBDC515}"
EndProject
Project("{2150E333-8FDC-42A3-9474-1A3956D46DE8}") = "Persistence", "Persistence", "{C96CEF0B-E2E8-42E7-BE5B-1D6045A72343}"
EndProject
Project("{9A19103F-16F7-4668-BE54-9A1E7A4F7556}") = "Illarion.Server.Photon.Initial", "Illarion.Server.Photon.Initial\Illarion.Server.Photon.Initial.csproj", "{CBF13470-8B52-439A-909C-BFEBE4A71B3B}"
EndProject
Project("{9A19103F-16F7-4668-BE54-9A1E7A4F7556}") = "Illarion.Server.Photon.Shared", "Illarion.Server.Photon.Shared\Illarion.Server.Photon.Shared.csproj", "{6D6DB867-F13F-4270-8EEA-9E697631C71E}"
EndProject
Project("{9A19103F-16F7-4668-BE54-9A1E7A4F7556}") = "Illarion.Server.Photon.Account", "Illarion.Server.Photon.Account\Illarion.Server.Photon.Account.csproj", "{125F2C80-857B-44CD-8669-634031498232}"
EndProject
Project("{2150E333-8FDC-42A3-9474-1A3956D46DE8}") = "Solution Items", "Solution Items", "{F1D05A09-774E-46D8-B2E1-72C94CAC832A}"
	ProjectSection(SolutionItems) = preProject
		.editorconfig = .editorconfig
	EndProjectSection
EndProject
Project("{2150E333-8FDC-42A3-9474-1A3956D46DE8}") = "Test", "Test", "{9FD82553-F498-4CC0-B89E-FEB09842FBD8}"
EndProject
Project("{9A19103F-16F7-4668-BE54-9A1E7A4F7556}") = "Illarion.Server.Photon.Initial.Test", "Illarion.Server.Photon.Initial.Test\Illarion.Server.Photon.Initial.Test.csproj", "{F0D73AA7-3233-46D9-A826-E140BA867C74}"
EndProject
Project("{9A19103F-16F7-4668-BE54-9A1E7A4F7556}") = "Illarion.Server.Photon.Test.Shared", "Illarion.Server.Photon.Test.Shared\Illarion.Server.Photon.Test.Shared.csproj", "{3B007151-32A6-411B-AD2B-8156002D97A4}"
EndProject
Project("{9A19103F-16F7-4668-BE54-9A1E7A4F7556}") = "Illarion.Server.Photon.Account.Test", "Illarion.Server.Photon.Account.Test\Illarion.Server.Photon.Account.Test.csproj", "{479EA209-847A-4612-B102-FBE8713EE20C}"
EndProject
Global
	GlobalSection(SolutionConfigurationPlatforms) = preSolution
		Debug|Any CPU = Debug|Any CPU
		Release|Any CPU = Release|Any CPU
	EndGlobalSection
	GlobalSection(ProjectConfigurationPlatforms) = postSolution
		{9E33B948-70A7-4F49-A3BA-BAF02F64ED58}.Debug|Any CPU.ActiveCfg = Debug|Any CPU
		{9E33B948-70A7-4F49-A3BA-BAF02F64ED58}.Debug|Any CPU.Build.0 = Debug|Any CPU
		{9E33B948-70A7-4F49-A3BA-BAF02F64ED58}.Release|Any CPU.ActiveCfg = Release|Any CPU
		{9E33B948-70A7-4F49-A3BA-BAF02F64ED58}.Release|Any CPU.Build.0 = Release|Any CPU
		{308C8FF4-EA18-4F6B-BB67-9C076B311D70}.Debug|Any CPU.ActiveCfg = Debug|Any CPU
		{308C8FF4-EA18-4F6B-BB67-9C076B311D70}.Debug|Any CPU.Build.0 = Debug|Any CPU
		{308C8FF4-EA18-4F6B-BB67-9C076B311D70}.Release|Any CPU.ActiveCfg = Release|Any CPU
		{308C8FF4-EA18-4F6B-BB67-9C076B311D70}.Release|Any CPU.Build.0 = Release|Any CPU
		{A9F45A83-9B1E-4EA5-9822-5AAAA91CDC6F}.Debug|Any CPU.ActiveCfg = Debug|Any CPU
		{A9F45A83-9B1E-4EA5-9822-5AAAA91CDC6F}.Debug|Any CPU.Build.0 = Debug|Any CPU
		{A9F45A83-9B1E-4EA5-9822-5AAAA91CDC6F}.Release|Any CPU.ActiveCfg = Release|Any CPU
		{A9F45A83-9B1E-4EA5-9822-5AAAA91CDC6F}.Release|Any CPU.Build.0 = Release|Any CPU
		{B46CC83F-040F-4F98-908B-28C294DFF7AC}.Debug|Any CPU.ActiveCfg = Debug|Any CPU
		{B46CC83F-040F-4F98-908B-28C294DFF7AC}.Debug|Any CPU.Build.0 = Debug|Any CPU
		{B46CC83F-040F-4F98-908B-28C294DFF7AC}.Release|Any CPU.ActiveCfg = Release|Any CPU
		{B46CC83F-040F-4F98-908B-28C294DFF7AC}.Release|Any CPU.Build.0 = Release|Any CPU
		{099816E2-15B5-4073-8357-F94CEEBDC515}.Debug|Any CPU.ActiveCfg = Debug|Any CPU
		{099816E2-15B5-4073-8357-F94CEEBDC515}.Debug|Any CPU.Build.0 = Debug|Any CPU
		{099816E2-15B5-4073-8357-F94CEEBDC515}.Release|Any CPU.ActiveCfg = Release|Any CPU
		{099816E2-15B5-4073-8357-F94CEEBDC515}.Release|Any CPU.Build.0 = Release|Any CPU
		{CBF13470-8B52-439A-909C-BFEBE4A71B3B}.Debug|Any CPU.ActiveCfg = Debug|Any CPU
		{CBF13470-8B52-439A-909C-BFEBE4A71B3B}.Debug|Any CPU.Build.0 = Debug|Any CPU
		{CBF13470-8B52-439A-909C-BFEBE4A71B3B}.Release|Any CPU.ActiveCfg = Release|Any CPU
		{CBF13470-8B52-439A-909C-BFEBE4A71B3B}.Release|Any CPU.Build.0 = Release|Any CPU
		{6D6DB867-F13F-4270-8EEA-9E697631C71E}.Debug|Any CPU.ActiveCfg = Debug|Any CPU
		{6D6DB867-F13F-4270-8EEA-9E697631C71E}.Debug|Any CPU.Build.0 = Debug|Any CPU
		{6D6DB867-F13F-4270-8EEA-9E697631C71E}.Release|Any CPU.ActiveCfg = Release|Any CPU
		{6D6DB867-F13F-4270-8EEA-9E697631C71E}.Release|Any CPU.Build.0 = Release|Any CPU
		{125F2C80-857B-44CD-8669-634031498232}.Debug|Any CPU.ActiveCfg = Debug|Any CPU
		{125F2C80-857B-44CD-8669-634031498232}.Debug|Any CPU.Build.0 = Debug|Any CPU
		{125F2C80-857B-44CD-8669-634031498232}.Release|Any CPU.ActiveCfg = Release|Any CPU
		{125F2C80-857B-44CD-8669-634031498232}.Release|Any CPU.Build.0 = Release|Any CPU
		{F0D73AA7-3233-46D9-A826-E140BA867C74}.Debug|Any CPU.ActiveCfg = Debug|Any CPU
		{F0D73AA7-3233-46D9-A826-E140BA867C74}.Debug|Any CPU.Build.0 = Debug|Any CPU
		{F0D73AA7-3233-46D9-A826-E140BA867C74}.Release|Any CPU.ActiveCfg = Release|Any CPU
		{F0D73AA7-3233-46D9-A826-E140BA867C74}.Release|Any CPU.Build.0 = Release|Any CPU
		{3B007151-32A6-411B-AD2B-8156002D97A4}.Debug|Any CPU.ActiveCfg = Debug|Any CPU
		{3B007151-32A6-411B-AD2B-8156002D97A4}.Debug|Any CPU.Build.0 = Debug|Any CPU
		{3B007151-32A6-411B-AD2B-8156002D97A4}.Release|Any CPU.ActiveCfg = Release|Any CPU
		{3B007151-32A6-411B-AD2B-8156002D97A4}.Release|Any CPU.Build.0 = Release|Any CPU
		{479EA209-847A-4612-B102-FBE8713EE20C}.Debug|Any CPU.ActiveCfg = Debug|Any CPU
		{479EA209-847A-4612-B102-FBE8713EE20C}.Debug|Any CPU.Build.0 = Debug|Any CPU
		{479EA209-847A-4612-B102-FBE8713EE20C}.Release|Any CPU.ActiveCfg = Release|Any CPU
		{479EA209-847A-4612-B102-FBE8713EE20C}.Release|Any CPU.Build.0 = Release|Any CPU
	EndGlobalSection
	GlobalSection(SolutionProperties) = preSolution
		HideSolutionNode = FALSE
	EndGlobalSection
	GlobalSection(NestedProjects) = preSolution
		{A9F45A83-9B1E-4EA5-9822-5AAAA91CDC6F} = {C96CEF0B-E2E8-42E7-BE5B-1D6045A72343}
		{B46CC83F-040F-4F98-908B-28C294DFF7AC} = {C96CEF0B-E2E8-42E7-BE5B-1D6045A72343}
		{099816E2-15B5-4073-8357-F94CEEBDC515} = {C96CEF0B-E2E8-42E7-BE5B-1D6045A72343}
		{F0D73AA7-3233-46D9-A826-E140BA867C74} = {9FD82553-F498-4CC0-B89E-FEB09842FBD8}
		{3B007151-32A6-411B-AD2B-8156002D97A4} = {9FD82553-F498-4CC0-B89E-FEB09842FBD8}
		{479EA209-847A-4612-B102-FBE8713EE20C} = {9FD82553-F498-4CC0-B89E-FEB09842FBD8}
	EndGlobalSection
	GlobalSection(ExtensibilityGlobals) = postSolution
		SolutionGuid = {1D5C15E9-844D-400A-BC82-6F16C76FB6C8}
	EndGlobalSection
EndGlobal
